
Microsoft Visual Studio Solution File, Format Version 12.00
# Visual Studio Version 17
VisualStudioVersion = 17.3.32811.315
MinimumVisualStudioVersion = 10.0.40219.1
Project("{FAE04EC0-301F-11D3-BF4B-00C04F79EFBC}") = "Array Övning 5.5", "Array Övning 5.5\Array Övning 5.5.csproj", "{24A36F8D-2098-4D92-8958-7FB77543237B}"
EndProject
Global
	GlobalSection(SolutionConfigurationPlatforms) = preSolution
		Debug|Any CPU = Debug|Any CPU
		Release|Any CPU = Release|Any CPU
	EndGlobalSection
	GlobalSection(ProjectConfigurationPlatforms) = postSolution
		{24A36F8D-2098-4D92-8958-7FB77543237B}.Debug|Any CPU.ActiveCfg = Debug|Any CPU
		{24A36F8D-2098-4D92-8958-7FB77543237B}.Debug|Any CPU.Build.0 = Debug|Any CPU
		{24A36F8D-2098-4D92-8958-7FB77543237B}.Release|Any CPU.ActiveCfg = Release|Any CPU
		{24A36F8D-2098-4D92-8958-7FB77543237B}.Release|Any CPU.Build.0 = Release|Any CPU
	EndGlobalSection
	GlobalSection(SolutionProperties) = preSolution
		HideSolutionNode = FALSE
	EndGlobalSection
	GlobalSection(ExtensibilityGlobals) = postSolution
		SolutionGuid = {048AE7B1-492E-4D2F-B666-4E2255C01059}
	EndGlobalSection
EndGlobal
